// !$*UTF8*$!
{
	archiveVersion = 1;
	classes = {
	};
	objectVersion = 50;
	objects = {

/* Begin PBXBuildFile section */
		6301D40C214A90EC00289FED /* UIStackViewExtension.swift in Sources */ = {isa = PBXBuildFile; fileRef = 6301D40B214A90EC00289FED /* UIStackViewExtension.swift */; };
		630CB23021498909002BF686 /* AppDelegate.swift in Sources */ = {isa = PBXBuildFile; fileRef = 630CB22F21498909002BF686 /* AppDelegate.swift */; };
		630CB2372149890B002BF686 /* Assets.xcassets in Resources */ = {isa = PBXBuildFile; fileRef = 630CB2362149890B002BF686 /* Assets.xcassets */; };
		630CB23A2149890B002BF686 /* LaunchScreen.storyboard in Resources */ = {isa = PBXBuildFile; fileRef = 630CB2382149890B002BF686 /* LaunchScreen.storyboard */; };
		630CB24221498953002BF686 /* CalculadoraViewController.swift in Sources */ = {isa = PBXBuildFile; fileRef = 630CB24121498953002BF686 /* CalculadoraViewController.swift */; };
		630CB24421498B3A002BF686 /* UIViewExtension.swift in Sources */ = {isa = PBXBuildFile; fileRef = 630CB24321498B3A002BF686 /* UIViewExtension.swift */; };
		63119C3D2154225500037161 /* Utils.swift in Sources */ = {isa = PBXBuildFile; fileRef = 63119C3C2154225500037161 /* Utils.swift */; };
		63D8B2A1214AAAE600026488 /* UIButtonExtension.swift in Sources */ = {isa = PBXBuildFile; fileRef = 63D8B2A0214AAAE600026488 /* UIButtonExtension.swift */; };
		63E0CE7B21528E8700A3AD46 /* Calculadora.swift in Sources */ = {isa = PBXBuildFile; fileRef = 63E0CE7A21528E8700A3AD46 /* Calculadora.swift */; };
		63E0CE7D2152908500A3AD46 /* CalculadoraViewModel.swift in Sources */ = {isa = PBXBuildFile; fileRef = 63E0CE7C2152908500A3AD46 /* CalculadoraViewModel.swift */; };
/* End PBXBuildFile section */

/* Begin PBXFileReference section */
		6301D40B214A90EC00289FED /* UIStackViewExtension.swift */ = {isa = PBXFileReference; lastKnownFileType = sourcecode.swift; path = UIStackViewExtension.swift; sourceTree = "<group>"; };
		630CB22C21498909002BF686 /* Calculadora.app */ = {isa = PBXFileReference; explicitFileType = wrapper.application; includeInIndex = 0; path = Calculadora.app; sourceTree = BUILT_PRODUCTS_DIR; };
		630CB22F21498909002BF686 /* AppDelegate.swift */ = {isa = PBXFileReference; lastKnownFileType = sourcecode.swift; path = AppDelegate.swift; sourceTree = "<group>"; };
		630CB2362149890B002BF686 /* Assets.xcassets */ = {isa = PBXFileReference; lastKnownFileType = folder.assetcatalog; path = Assets.xcassets; sourceTree = "<group>"; };
		630CB2392149890B002BF686 /* Base */ = {isa = PBXFileReference; lastKnownFileType = file.storyboard; name = Base; path = Base.lproj/LaunchScreen.storyboard; sourceTree = "<group>"; };
		630CB23B2149890B002BF686 /* Info.plist */ = {isa = PBXFileReference; lastKnownFileType = text.plist.xml; path = Info.plist; sourceTree = "<group>"; };
		630CB24121498953002BF686 /* CalculadoraViewController.swift */ = {isa = PBXFileReference; lastKnownFileType = sourcecode.swift; path = CalculadoraViewController.swift; sourceTree = "<group>"; };
		630CB24321498B3A002BF686 /* UIViewExtension.swift */ = {isa = PBXFileReference; lastKnownFileType = sourcecode.swift; path = UIViewExtension.swift; sourceTree = "<group>"; };
		63119C3C2154225500037161 /* Utils.swift */ = {isa = PBXFileReference; lastKnownFileType = sourcecode.swift; path = Utils.swift; sourceTree = "<group>"; };
		63D8B2A0214AAAE600026488 /* UIButtonExtension.swift */ = {isa = PBXFileReference; lastKnownFileType = sourcecode.swift; path = UIButtonExtension.swift; sourceTree = "<group>"; };
		63E0CE7A21528E8700A3AD46 /* Calculadora.swift */ = {isa = PBXFileReference; lastKnownFileType = sourcecode.swift; path = Calculadora.swift; sourceTree = "<group>"; };
		63E0CE7C2152908500A3AD46 /* CalculadoraViewModel.swift */ = {isa = PBXFileReference; lastKnownFileType = sourcecode.swift; path = CalculadoraViewModel.swift; sourceTree = "<group>"; };
/* End PBXFileReference section */

/* Begin PBXFrameworksBuildPhase section */
		630CB22921498909002BF686 /* Frameworks */ = {
			isa = PBXFrameworksBuildPhase;
			buildActionMask = 2147483647;
			files = (
			);
			runOnlyForDeploymentPostprocessing = 0;
		};
/* End PBXFrameworksBuildPhase section */

/* Begin PBXGroup section */
		630CB22321498909002BF686 = {
			isa = PBXGroup;
			children = (
				630CB22E21498909002BF686 /* Calculadora */,
				630CB22D21498909002BF686 /* Products */,
			);
			sourceTree = "<group>";
		};
		630CB22D21498909002BF686 /* Products */ = {
			isa = PBXGroup;
			children = (
				630CB22C21498909002BF686 /* Calculadora.app */,
			);
			name = Products;
			sourceTree = "<group>";
		};
		630CB22E21498909002BF686 /* Calculadora */ = {
			isa = PBXGroup;
			children = (
				630CB22F21498909002BF686 /* AppDelegate.swift */,
				63E0CE7921528E6200A3AD46 /* ViewModel */,
				63E0CE7821528E5100A3AD46 /* Model */,
				63E0CE7721528E4600A3AD46 /* View */,
				630CB24521498B3D002BF686 /* Extesion */,
				630CB23B2149890B002BF686 /* Info.plist */,
				63119C3B2154222100037161 /* Utils */,
			);
			path = Calculadora;
			sourceTree = "<group>";
		};
		630CB24521498B3D002BF686 /* Extesion */ = {
			isa = PBXGroup;
			children = (
				6301D40B214A90EC00289FED /* UIStackViewExtension.swift */,
				630CB24321498B3A002BF686 /* UIViewExtension.swift */,
				63D8B2A0214AAAE600026488 /* UIButtonExtension.swift */,
				630CB2362149890B002BF686 /* Assets.xcassets */,
			);
			path = Extesion;
			sourceTree = "<group>";
		};
		63119C3B2154222100037161 /* Utils */ = {
			isa = PBXGroup;
			children = (
				63119C3C2154225500037161 /* Utils.swift */,
			);
			path = Utils;
			sourceTree = "<group>";
		};
		63E0CE7721528E4600A3AD46 /* View */ = {
			isa = PBXGroup;
			children = (
				630CB2382149890B002BF686 /* LaunchScreen.storyboard */,
				630CB24121498953002BF686 /* CalculadoraViewController.swift */,
			);
			path = View;
			sourceTree = "<group>";
		};
		63E0CE7821528E5100A3AD46 /* Model */ = {
			isa = PBXGroup;
			children = (
				63E0CE7A21528E8700A3AD46 /* Calculadora.swift */,
			);
			path = Model;
			sourceTree = "<group>";
		};
		63E0CE7921528E6200A3AD46 /* ViewModel */ = {
			isa = PBXGroup;
			children = (
				63E0CE7C2152908500A3AD46 /* CalculadoraViewModel.swift */,
			);
			path = ViewModel;
			sourceTree = "<group>";
		};
/* End PBXGroup section */

/* Begin PBXNativeTarget section */
		630CB22B21498909002BF686 /* Calculadora */ = {
			isa = PBXNativeTarget;
			buildConfigurationList = 630CB23E2149890B002BF686 /* Build configuration list for PBXNativeTarget "Calculadora" */;
			buildPhases = (
				630CB22821498909002BF686 /* Sources */,
				630CB22921498909002BF686 /* Frameworks */,
				630CB22A21498909002BF686 /* Resources */,
			);
			buildRules = (
			);
			dependencies = (
			);
			name = Calculadora;
			productName = Calculadora;
			productReference = 630CB22C21498909002BF686 /* Calculadora.app */;
			productType = "com.apple.product-type.application";
		};
/* End PBXNativeTarget section */

/* Begin PBXProject section */
		630CB22421498909002BF686 /* Project object */ = {
			isa = PBXProject;
			attributes = {
				LastSwiftUpdateCheck = 0940;
				LastUpgradeCheck = 0940;
				ORGANIZATIONNAME = brq;
				TargetAttributes = {
					630CB22B21498909002BF686 = {
						CreatedOnToolsVersion = 9.4.1;
					};
				};
			};
			buildConfigurationList = 630CB22721498909002BF686 /* Build configuration list for PBXProject "Calculadora" */;
			compatibilityVersion = "Xcode 9.3";
			developmentRegion = en;
			hasScannedForEncodings = 0;
			knownRegions = (
				en,
				Base,
			);
			mainGroup = 630CB22321498909002BF686;
			productRefGroup = 630CB22D21498909002BF686 /* Products */;
			projectDirPath = "";
			projectRoot = "";
			targets = (
				630CB22B21498909002BF686 /* Calculadora */,
			);
		};
/* End PBXProject section */

/* Begin PBXResourcesBuildPhase section */
		630CB22A21498909002BF686 /* Resources */ = {
			isa = PBXResourcesBuildPhase;
			buildActionMask = 2147483647;
			files = (
				630CB23A2149890B002BF686 /* LaunchScreen.storyboard in Resources */,
				630CB2372149890B002BF686 /* Assets.xcassets in Resources */,
			);
			runOnlyForDeploymentPostprocessing = 0;
		};
/* End PBXResourcesBuildPhase section */

/* Begin PBXSourcesBuildPhase section */
		630CB22821498909002BF686 /* Sources */ = {
			isa = PBXSourcesBuildPhase;
			buildActionMask = 2147483647;
			files = (
				63E0CE7D2152908500A3AD46 /* CalculadoraViewModel.swift in Sources */,
				630CB24421498B3A002BF686 /* UIViewExtension.swift in Sources */,
				63D8B2A1214AAAE600026488 /* UIButtonExtension.swift in Sources */,
				6301D40C214A90EC00289FED /* UIStackViewExtension.swift in Sources */,
				630CB24221498953002BF686 /* CalculadoraViewController.swift in Sources */,
				630CB23021498909002BF686 /* AppDelegate.swift in Sources */,
				63E0CE7B21528E8700A3AD46 /* Calculadora.swift in Sources */,
				63119C3D2154225500037161 /* Utils.swift in Sources */,
			);
			runOnlyForDeploymentPostprocessing = 0;
		};
/* End PBXSourcesBuildPhase section */

/* Begin PBXVariantGroup section */
		630CB2382149890B002BF686 /* LaunchScreen.storyboard */ = {
			isa = PBXVariantGroup;
			children = (
				630CB2392149890B002BF686 /* Base */,
			);
			name = LaunchScreen.storyboard;
			sourceTree = "<group>";
		};
/* End PBXVariantGroup section */

/* Begin XCBuildConfiguration section */
		630CB23C2149890B002BF686 /* Debug */ = {
			isa = XCBuildConfiguration;
			buildSettings = {
				ALWAYS_SEARCH_USER_PATHS = NO;
				CLANG_ANALYZER_NONNULL = YES;
				CLANG_ANALYZER_NUMBER_OBJECT_CONVERSION = YES_AGGRESSIVE;
				CLANG_CXX_LANGUAGE_STANDARD = "gnu++14";
				CLANG_CXX_LIBRARY = "libc++";
				CLANG_ENABLE_MODULES = YES;
				CLANG_ENABLE_OBJC_ARC = YES;
				CLANG_ENABLE_OBJC_WEAK = YES;
				CLANG_WARN_BLOCK_CAPTURE_AUTORELEASING = YES;
				CLANG_WARN_BOOL_CONVERSION = YES;
				CLANG_WARN_COMMA = YES;
				CLANG_WARN_CONSTANT_CONVERSION = YES;
				CLANG_WARN_DEPRECATED_OBJC_IMPLEMENTATIONS = YES;
				CLANG_WARN_DIRECT_OBJC_ISA_USAGE = YES_ERROR;
				CLANG_WARN_DOCUMENTATION_COMMENTS = YES;
				CLANG_WARN_EMPTY_BODY = YES;
				CLANG_WARN_ENUM_CONVERSION = YES;
				CLANG_WARN_INFINITE_RECURSION = YES;
				CLANG_WARN_INT_CONVERSION = YES;
				CLANG_WARN_NON_LITERAL_NULL_CONVERSION = YES;
				CLANG_WARN_OBJC_IMPLICIT_RETAIN_SELF = YES;
				CLANG_WARN_OBJC_LITERAL_CONVERSION = YES;
				CLANG_WARN_OBJC_ROOT_CLASS = YES_ERROR;
				CLANG_WARN_RANGE_LOOP_ANALYSIS = YES;
				CLANG_WARN_STRICT_PROTOTYPES = YES;
				CLANG_WARN_SUSPICIOUS_MOVE = YES;
				CLANG_WARN_UNGUARDED_AVAILABILITY = YES_AGGRESSIVE;
				CLANG_WARN_UNREACHABLE_CODE = YES;
				CLANG_WARN__DUPLICATE_METHOD_MATCH = YES;
				CODE_SIGN_IDENTITY = "iPhone Developer";
				COPY_PHASE_STRIP = NO;
				DEBUG_INFORMATION_FORMAT = dwarf;
				ENABLE_STRICT_OBJC_MSGSEND = YES;
				ENABLE_TESTABILITY = YES;
				GCC_C_LANGUAGE_STANDARD = gnu11;
				GCC_DYNAMIC_NO_PIC = NO;
				GCC_NO_COMMON_BLOCKS = YES;
				GCC_OPTIMIZATION_LEVEL = 0;
				GCC_PREPROCESSOR_DEFINITIONS = (
					"DEBUG=1",
					"$(inherited)",
				);
				GCC_WARN_64_TO_32_BIT_CONVERSION = YES;
				GCC_WARN_ABOUT_RETURN_TYPE = YES_ERROR;
				GCC_WARN_UNDECLARED_SELECTOR = YES;
				GCC_WARN_UNINITIALIZED_AUTOS = YES_AGGRESSIVE;
				GCC_WARN_UNUSED_FUNCTION = YES;
				GCC_WARN_UNUSED_VARIABLE = YES;
				IPHONEOS_DEPLOYMENT_TARGET = 11.4;
				MTL_ENABLE_DEBUG_INFO = YES;
				ONLY_ACTIVE_ARCH = YES;
				SDKROOT = iphoneos;
				SWIFT_ACTIVE_COMPILATION_CONDITIONS = DEBUG;
				SWIFT_OPTIMIZATION_LEVEL = "-Onone";
			};
			name = Debug;
		};
		630CB23D2149890B002BF686 /* Release */ = {
			isa = XCBuildConfiguration;
			buildSettings = {
				ALWAYS_SEARCH_USER_PATHS = NO;
				CLANG_ANALYZER_NONNULL = YES;
				CLANG_ANALYZER_NUMBER_OBJECT_CONVERSION = YES_AGGRESSIVE;
				CLANG_CXX_LANGUAGE_STANDARD = "gnu++14";
				CLANG_CXX_LIBRARY = "libc++";
				CLANG_ENABLE_MODULES = YES;
				CLANG_ENABLE_OBJC_ARC = YES;
				CLANG_ENABLE_OBJC_WEAK = YES;
				CLANG_WARN_BLOCK_CAPTURE_AUTORELEASING = YES;
				CLANG_WARN_BOOL_CONVERSION = YES;
				CLANG_WARN_COMMA = YES;
				CLANG_WARN_CONSTANT_CONVERSION = YES;
				CLANG_WARN_DEPRECATED_OBJC_IMPLEMENTATIONS = YES;
				CLANG_WARN_DIRECT_OBJC_ISA_USAGE = YES_ERROR;
				CLANG_WARN_DOCUMENTATION_COMMENTS = YES;
				CLANG_WARN_EMPTY_BODY = YES;
				CLANG_WARN_ENUM_CONVERSION = YES;
				CLANG_WARN_INFINITE_RECURSION = YES;
				CLANG_WARN_INT_CONVERSION = YES;
				CLANG_WARN_NON_LITERAL_NULL_CONVERSION = YES;
				CLANG_WARN_OBJC_IMPLICIT_RETAIN_SELF = YES;
				CLANG_WARN_OBJC_LITERAL_CONVERSION = YES;
				CLANG_WARN_OBJC_ROOT_CLASS = YES_ERROR;
				CLANG_WARN_RANGE_LOOP_ANALYSIS = YES;
				CLANG_WARN_STRICT_PROTOTYPES = YES;
				CLANG_WARN_SUSPICIOUS_MOVE = YES;
				CLANG_WARN_UNGUARDED_AVAILABILITY = YES_AGGRESSIVE;
				CLANG_WARN_UNREACHABLE_CODE = YES;
				CLANG_WARN__DUPLICATE_METHOD_MATCH = YES;
				CODE_SIGN_IDENTITY = "iPhone Developer";
				COPY_PHASE_STRIP = NO;
				DEBUG_INFORMATION_FORMAT = "dwarf-with-dsym";
				ENABLE_NS_ASSERTIONS = NO;
				ENABLE_STRICT_OBJC_MSGSEND = YES;
				GCC_C_LANGUAGE_STANDARD = gnu11;
				GCC_NO_COMMON_BLOCKS = YES;
				GCC_WARN_64_TO_32_BIT_CONVERSION = YES;
				GCC_WARN_ABOUT_RETURN_TYPE = YES_ERROR;
				GCC_WARN_UNDECLARED_SELECTOR = YES;
				GCC_WARN_UNINITIALIZED_AUTOS = YES_AGGRESSIVE;
				GCC_WARN_UNUSED_FUNCTION = YES;
				GCC_WARN_UNUSED_VARIABLE = YES;
				IPHONEOS_DEPLOYMENT_TARGET = 11.4;
				MTL_ENABLE_DEBUG_INFO = NO;
				SDKROOT = iphoneos;
				SWIFT_COMPILATION_MODE = wholemodule;
				SWIFT_OPTIMIZATION_LEVEL = "-O";
				VALIDATE_PRODUCT = YES;
			};
			name = Release;
		};
		630CB23F2149890B002BF686 /* Debug */ = {
			isa = XCBuildConfiguration;
			buildSettings = {
				ASSETCATALOG_COMPILER_APPICON_NAME = AppIcon;
				CODE_SIGN_STYLE = Automatic;
				DEVELOPMENT_TEAM = "";
				INFOPLIST_FILE = Calculadora/Info.plist;
				LD_RUNPATH_SEARCH_PATHS = (
					"$(inherited)",
					"@executable_path/Frameworks",
				);
				PRODUCT_BUNDLE_IDENTIFIER = com.paulokucher.Calculadora;
				PRODUCT_NAME = "$(TARGET_NAME)";
				SWIFT_VERSION = 4.0;
				TARGETED_DEVICE_FAMILY = "1,2";
			};
			name = Debug;
		};
		630CB2402149890B002BF686 /* Release */ = {
			isa = XCBuildConfiguration;
			buildSettings = {
				ASSETCATALOG_COMPILER_APPICON_NAME = AppIcon;
				CODE_SIGN_STYLE = Automatic;
				DEVELOPMENT_TEAM = "";
				INFOPLIST_FILE = Calculadora/Info.plist;
				LD_RUNPATH_SEARCH_PATHS = (
					"$(inherited)",
					"@executable_path/Frameworks",
				);
				PRODUCT_BUNDLE_IDENTIFIER = com.paulokucher.Calculadora;
				PRODUCT_NAME = "$(TARGET_NAME)";
				SWIFT_VERSION = 4.0;
				TARGETED_DEVICE_FAMILY = "1,2";
			};
			name = Release;
		};
/* End XCBuildConfiguration section */

/* Begin XCConfigurationList section */
		630CB22721498909002BF686 /* Build configuration list for PBXProject "Calculadora" */ = {
			isa = XCConfigurationList;
			buildConfigurations = (
				630CB23C2149890B002BF686 /* Debug */,
				630CB23D2149890B002BF686 /* Release */,
			);
			defaultConfigurationIsVisible = 0;
			defaultConfigurationName = Release;
		};
		630CB23E2149890B002BF686 /* Build configuration list for PBXNativeTarget "Calculadora" */ = {
			isa = XCConfigurationList;
			buildConfigurations = (
				630CB23F2149890B002BF686 /* Debug */,
				630CB2402149890B002BF686 /* Release */,
			);
			defaultConfigurationIsVisible = 0;
			defaultConfigurationName = Release;
		};
/* End XCConfigurationList section */
	};
	rootObject = 630CB22421498909002BF686 /* Project object */;
}
